
Microsoft Visual Studio Solution File, Format Version 12.00
# Visual Studio 14
VisualStudioVersion = 14.0.25420.1
MinimumVisualStudioVersion = 10.0.40219.1
Project("{2150E333-8FDC-42A3-9474-1A3956D46DE8}") = "src", "src", "{A3761B3F-D125-4FD5-83A6-F66D81990C95}"
EndProject
Project("{2150E333-8FDC-42A3-9474-1A3956D46DE8}") = "Solution Items", "Solution Items", "{02EBE7B4-D1F0-407A-9739-BA98F0C73BE9}"
	ProjectSection(SolutionItems) = preProject
		global.json = global.json
	EndProjectSection
EndProject
Project("{8BB2217D-0F2D-49D1-97BC-3654ED321F3B}") = "WebApplication2", "src\WebApplication2\WebApplication2.xproj", "{E49A5C5E-F169-4D88-BAF3-6ADD338F553A}"
EndProject
Global
	GlobalSection(SolutionConfigurationPlatforms) = preSolution
		Debug|Any CPU = Debug|Any CPU
		Release|Any CPU = Release|Any CPU
	EndGlobalSection
	GlobalSection(ProjectConfigurationPlatforms) = postSolution
		{E49A5C5E-F169-4D88-BAF3-6ADD338F553A}.Debug|Any CPU.ActiveCfg = Debug|Any CPU
		{E49A5C5E-F169-4D88-BAF3-6ADD338F553A}.Debug|Any CPU.Build.0 = Debug|Any CPU
		{E49A5C5E-F169-4D88-BAF3-6ADD338F553A}.Release|Any CPU.ActiveCfg = Release|Any CPU
		{E49A5C5E-F169-4D88-BAF3-6ADD338F553A}.Release|Any CPU.Build.0 = Release|Any CPU
	EndGlobalSection
	GlobalSection(SolutionProperties) = preSolution
		HideSolutionNode = FALSE
	EndGlobalSection
	GlobalSection(NestedProjects) = preSolution
		{E49A5C5E-F169-4D88-BAF3-6ADD338F553A} = {A3761B3F-D125-4FD5-83A6-F66D81990C95}
	EndGlobalSection
EndGlobal
